Microsoft Visual Studio Solution File, Format Version 11.00
# Visual Studio 2008

Project("{A89E77A6-CCE6-16D2-199F-43AF86D2C01E}") = "GuideBhai", "Assembly-CSharp.csproj", "{F9EA351E-1091-C32C-869E-6C8B675332DD}"
EndProject
Project("{A89E77A6-CCE6-16D2-199F-43AF86D2C01E}") = "GuideBhai", "Assembly-CSharp-Editor.csproj", "{075C584F-88D7-B75A-2C96-44C525721547}"
EndProject
Global
	GlobalSection(SolutionConfigurationPlatforms) = preSolution
		Debug|Any CPU = Debug|Any CPU
		Release|Any CPU = Release|Any CPU
	EndGlobalSection
	GlobalSection(ProjectConfigurationPlatforms) = postSolution
		{F9EA351E-1091-C32C-869E-6C8B675332DD}.Debug|Any CPU.ActiveCfg = Debug|Any CPU
		{F9EA351E-1091-C32C-869E-6C8B675332DD}.Debug|Any CPU.Build.0 = Debug|Any CPU
		{F9EA351E-1091-C32C-869E-6C8B675332DD}.Release|Any CPU.ActiveCfg = Release|Any CPU
		{F9EA351E-1091-C32C-869E-6C8B675332DD}.Release|Any CPU.Build.0 = Release|Any CPU
		{075C584F-88D7-B75A-2C96-44C525721547}.Debug|Any CPU.ActiveCfg = Debug|Any CPU
		{075C584F-88D7-B75A-2C96-44C525721547}.Debug|Any CPU.Build.0 = Debug|Any CPU
		{075C584F-88D7-B75A-2C96-44C525721547}.Release|Any CPU.ActiveCfg = Release|Any CPU
		{075C584F-88D7-B75A-2C96-44C525721547}.Release|Any CPU.Build.0 = Release|Any CPU
	EndGlobalSection
	GlobalSection(SolutionProperties) = preSolution
		HideSolutionNode = FALSE
	EndGlobalSection
	GlobalSection(MonoDevelopProperties) = preSolution
		StartupItem = Assembly-CSharp.csproj
	EndGlobalSection
EndGlobal
